PODS:
  - Alamofire (4.5.1)
  - HandyJSON (4.2.0)
  - IQKeyboardManagerSwift (6.2.0)
  - MJRefresh (3.1.15.7)
  - Moya/Core (11.0.2):
    - Alamofire (~> 4.1)
    - Result (~> 3.0)
  - Moya/RxSwift (11.0.2):
    - Moya/Core
    - RxSwift (~> 4.0)
  - Parchment (1.6.0)
  - Result (3.2.4)
  - RxAtomic (4.4.0)
  - RxCocoa (4.4.0):
    - RxSwift (~> 4.0)
  - RxSwift (4.4.0):
    - RxAtomic (~> 4.4)
  - SKPhotoBrowser (6.0.0)
  - SnapKit (4.2.0)
  - Spring (1.0.5)
  - YYCache (1.0.4)
  - YYImage (1.0.4):
    - YYImage/Core (= 1.0.4)
  - YYImage/Core (1.0.4)
  - YYWebImage (1.0.5):
    - YYCache
    - YYImage

DEPENDENCIES:
  - Alamofire (= 4.5.1)
  - HandyJSON (~> 4.2.0)
  - IQKeyboardManagerSwift (= 6.2.0)
  - MJRefresh
  - Moya/RxSwift (~> 11.0)
  - Parchment (= 1.6.0)
  - RxCocoa (~> 4.0)
  - RxSwift (~> 4.0)
  - SKPhotoBrowser (= 6.0.0)
  - SnapKit
  - Spring (= 1.0.5)
  - YYWebImage

SPEC REPOS:
  https://github.com/cocoapods/specs.git:
    - Alamofire
    - HandyJSON
    - IQKeyboardManagerSwift
    - MJRefresh
    - Moya
    - Parchment
    - Result
    - RxAtomic
    - RxCocoa
    - RxSwift
    - SKPhotoBrowser
    - SnapKit
    - Spring
    - YYCache
    - YYImage
    - YYWebImage

SPEC CHECKSUMS:
  Alamofire: 2d95912bf4c34f164fdfc335872e8c312acaea4a
  HandyJSON: 9dfc026c7d7adc1f0f8ba8b181495f0e0763b0f4
  IQKeyboardManagerSwift: b07ccf9d8cafe993dcd6cb794eb4ba34611a0c4e
  MJRefresh: 697f8ec75ebdbe9207767bb682cf0f51b0d8a41f
  Moya: a725035953bc1c0eb1be505ab903984501d82440
  Parchment: d3a7b367c529fa6ef51aa43f5717a7ff36d4b1f5
  Result: d2d07204ce72856f1fd9130bbe42c35a7b0fea10
  RxAtomic: eacf60db868c96bfd63320e28619fe29c179656f
  RxCocoa: df63ebf7b9a70d6b4eeea407ed5dd4efc8979749
  RxSwift: 5976ecd04fc2fefd648827c23de5e11157faa973
  SKPhotoBrowser: 76eb862685761707b5745fde7762757966565e07
  SnapKit: fe8a619752f3f27075cc9a90244d75c6c3f27e2a
  Spring: 17901566c8ecf3a1327902b940406c64512f9bb1
  YYCache: 8105b6638f5e849296c71f331ff83891a4942952
  YYImage: 1e1b62a9997399593e4b9c4ecfbbabbf1d3f3b54
  YYWebImage: 5f7f36aee2ae293f016d418c7d6ba05c4863e928

PODFILE CHECKSUM: d4b1d229c4d4a8f0170f9fdc472a9c288c661ae3

COCOAPODS: 1.5.3
