// !$*UTF8*$!
{
	archiveVersion = 1;
	classes = {
	};
	objectVersion = 50;
	objects = {

/* Begin PBXBuildFile section */
		3C065AAF221E815F00F1C9C7 /* AppDelegate.swift in Sources */ = {isa = PBXBuildFile; fileRef = 3C065AAE221E815F00F1C9C7 /* AppDelegate.swift */; };
		3C065AB1221E815F00F1C9C7 /* ViewController.swift in Sources */ = {isa = PBXBuildFile; fileRef = 3C065AB0221E815F00F1C9C7 /* ViewController.swift */; };
		3C065AB4221E815F00F1C9C7 /* Main.storyboard in Resources */ = {isa = PBXBuildFile; fileRef = 3C065AB2221E815F00F1C9C7 /* Main.storyboard */; };
		3C065AB6221E816100F1C9C7 /* Assets.xcassets in Resources */ = {isa = PBXBuildFile; fileRef = 3C065AB5221E816100F1C9C7 /* Assets.xcassets */; };
		3C065AB9221E816100F1C9C7 /* LaunchScreen.storyboard in Resources */ = {isa = PBXBuildFile; fileRef = 3C065AB7221E816100F1C9C7 /* LaunchScreen.storyboard */; };
		3C065AE4221E8D8C00F1C9C7 /* UIViewEx.swift in Sources */ = {isa = PBXBuildFile; fileRef = 3C065ADF221E8D8C00F1C9C7 /* UIViewEx.swift */; };
		3C065AE5221E8D8C00F1C9C7 /* DateEx.swift in Sources */ = {isa = PBXBuildFile; fileRef = 3C065AE0221E8D8C00F1C9C7 /* DateEx.swift */; };
		3C065AE6221E8D8C00F1C9C7 /* UIImageEx.swift in Sources */ = {isa = PBXBuildFile; fileRef = 3C065AE1221E8D8C00F1C9C7 /* UIImageEx.swift */; };
		3C065AE8221E8D8C00F1C9C7 /* AllExtension.swift in Sources */ = {isa = PBXBuildFile; fileRef = 3C065AE3221E8D8C00F1C9C7 /* AllExtension.swift */; };
		3C065AEB221E8E1700F1C9C7 /* KRTLog.swift in Sources */ = {isa = PBXBuildFile; fileRef = 3C065AEA221E8E1700F1C9C7 /* KRTLog.swift */; };
		3C065AED221E8E2D00F1C9C7 /* CoreMedia.framework in Frameworks */ = {isa = PBXBuildFile; fileRef = 3C065AEC221E8E2D00F1C9C7 /* CoreMedia.framework */; };
		3C065AF4221E9AE800F1C9C7 /* BaseFunc.swift in Sources */ = {isa = PBXBuildFile; fileRef = 3C065AF3221E9AE800F1C9C7 /* BaseFunc.swift */; };
		3C065AF6221E9F5500F1C9C7 /* DefaultCheck.swift in Sources */ = {isa = PBXBuildFile; fileRef = 3C065AF5221E9F5500F1C9C7 /* DefaultCheck.swift */; };
		3C065AFC221E9FF100F1C9C7 /* MJRefreshController.swift in Sources */ = {isa = PBXBuildFile; fileRef = 3C065AF8221E9FF000F1C9C7 /* MJRefreshController.swift */; };
		3C065AFD221E9FF100F1C9C7 /* SetNoDataView.swift in Sources */ = {isa = PBXBuildFile; fileRef = 3C065AF9221E9FF000F1C9C7 /* SetNoDataView.swift */; };
		3C065AFE221E9FF100F1C9C7 /* SetErrorView.swift in Sources */ = {isa = PBXBuildFile; fileRef = 3C065AFA221E9FF000F1C9C7 /* SetErrorView.swift */; };
		3C065AFF221E9FF100F1C9C7 /* KrtTFDelegate.swift in Sources */ = {isa = PBXBuildFile; fileRef = 3C065AFB221E9FF100F1C9C7 /* KrtTFDelegate.swift */; };
		8296FC01E6BFB3F66CD5CC14 /* Pods_LXTools.framework in Frameworks */ = {isa = PBXBuildFile; fileRef = 66B7ADD056255AD1ADCC8F29 /* Pods_LXTools.framework */; };
/* End PBXBuildFile section */

/* Begin PBXContainerItemProxy section */
		3C065AC0221E816100F1C9C7 /* PBXContainerItemProxy */ = {
			isa = PBXContainerItemProxy;
			containerPortal = 3C065AA3221E815E00F1C9C7 /* Project object */;
			proxyType = 1;
			remoteGlobalIDString = 3C065AAA221E815F00F1C9C7;
			remoteInfo = LXTools;
		};
		3C065ACB221E816100F1C9C7 /* PBXContainerItemProxy */ = {
			isa = PBXContainerItemProxy;
			containerPortal = 3C065AA3221E815E00F1C9C7 /* Project object */;
			proxyType = 1;
			remoteGlobalIDString = 3C065AAA221E815F00F1C9C7;
			remoteInfo = LXTools;
		};
/* End PBXContainerItemProxy section */

/* Begin PBXFileReference section */
		3C065AAB221E815F00F1C9C7 /* LXTools.app */ = {isa = PBXFileReference; explicitFileType = wrapper.application; includeInIndex = 0; path = LXTools.app; sourceTree = BUILT_PRODUCTS_DIR; };
		3C065AAE221E815F00F1C9C7 /* AppDelegate.swift */ = {isa = PBXFileReference; lastKnownFileType = sourcecode.swift; path = AppDelegate.swift; sourceTree = "<group>"; };
		3C065AB0221E815F00F1C9C7 /* ViewController.swift */ = {isa = PBXFileReference; lastKnownFileType = sourcecode.swift; path = ViewController.swift; sourceTree = "<group>"; };
		3C065AB3221E815F00F1C9C7 /* Base */ = {isa = PBXFileReference; lastKnownFileType = file.storyboard; name = Base; path = Base.lproj/Main.storyboard; sourceTree = "<group>"; };
		3C065AB5221E816100F1C9C7 /* Assets.xcassets */ = {isa = PBXFileReference; lastKnownFileType = folder.assetcatalog; path = Assets.xcassets; sourceTree = "<group>"; };
		3C065AB8221E816100F1C9C7 /* Base */ = {isa = PBXFileReference; lastKnownFileType = file.storyboard; name = Base; path = Base.lproj/LaunchScreen.storyboard; sourceTree = "<group>"; };
		3C065ABA221E816100F1C9C7 /* Info.plist */ = {isa = PBXFileReference; lastKnownFileType = text.plist.xml; path = Info.plist; sourceTree = "<group>"; };
		3C065ABF221E816100F1C9C7 /* LXToolsTests.xctest */ = {isa = PBXFileReference; explicitFileType = wrapper.cfbundle; includeInIndex = 0; path = LXToolsTests.xctest; sourceTree = BUILT_PRODUCTS_DIR; };
		3C065ACA221E816100F1C9C7 /* LXToolsUITests.xctest */ = {isa = PBXFileReference; explicitFileType = wrapper.cfbundle; includeInIndex = 0; path = LXToolsUITests.xctest; sourceTree = BUILT_PRODUCTS_DIR; };
		3C065ADC221E84B000F1C9C7 /* Header.h */ = {isa = PBXFileReference; lastKnownFileType = sourcecode.c.h; path = Header.h; sourceTree = "<group>"; };
		3C065ADF221E8D8C00F1C9C7 /* UIViewEx.swift */ = {isa = PBXFileReference; fileEncoding = 4; lastKnownFileType = sourcecode.swift; path = UIViewEx.swift; sourceTree = "<group>"; };
		3C065AE0221E8D8C00F1C9C7 /* DateEx.swift */ = {isa = PBXFileReference; fileEncoding = 4; lastKnownFileType = sourcecode.swift; path = DateEx.swift; sourceTree = "<group>"; };
		3C065AE1221E8D8C00F1C9C7 /* UIImageEx.swift */ = {isa = PBXFileReference; fileEncoding = 4; lastKnownFileType = sourcecode.swift; path = UIImageEx.swift; sourceTree = "<group>"; };
		3C065AE3221E8D8C00F1C9C7 /* AllExtension.swift */ = {isa = PBXFileReference; fileEncoding = 4; lastKnownFileType = sourcecode.swift; path = AllExtension.swift; sourceTree = "<group>"; };
		3C065AEA221E8E1700F1C9C7 /* KRTLog.swift */ = {isa = PBXFileReference; fileEncoding = 4; lastKnownFileType = sourcecode.swift; path = KRTLog.swift; sourceTree = "<group>"; };
		3C065AEC221E8E2D00F1C9C7 /* CoreMedia.framework */ = {isa = PBXFileReference; lastKnownFileType = wrapper.framework; name = CoreMedia.framework; path = System/Library/Frameworks/CoreMedia.framework; sourceTree = SDKROOT; };
		3C065AF3221E9AE800F1C9C7 /* BaseFunc.swift */ = {isa = PBXFileReference; fileEncoding = 4; lastKnownFileType = sourcecode.swift; path = BaseFunc.swift; sourceTree = "<group>"; };
		3C065AF5221E9F5500F1C9C7 /* DefaultCheck.swift */ = {isa = PBXFileReference; fileEncoding = 4; lastKnownFileType = sourcecode.swift; path = DefaultCheck.swift; sourceTree = "<group>"; };
		3C065AF8221E9FF000F1C9C7 /* MJRefreshController.swift */ = {isa = PBXFileReference; fileEncoding = 4; lastKnownFileType = sourcecode.swift; path = MJRefreshController.swift; sourceTree = "<group>"; };
		3C065AF9221E9FF000F1C9C7 /* SetNoDataView.swift */ = {isa = PBXFileReference; fileEncoding = 4; lastKnownFileType = sourcecode.swift; path = SetNoDataView.swift; sourceTree = "<group>"; };
		3C065AFA221E9FF000F1C9C7 /* SetErrorView.swift */ = {isa = PBXFileReference; fileEncoding = 4; lastKnownFileType = sourcecode.swift; path = SetErrorView.swift; sourceTree = "<group>"; };
		3C065AFB221E9FF100F1C9C7 /* KrtTFDelegate.swift */ = {isa = PBXFileReference; fileEncoding = 4; lastKnownFileType = sourcecode.swift; path = KrtTFDelegate.swift; sourceTree = "<group>"; };
		4DE3B0F754BCF6C134DBAF0C /* Pods-LXTools.debug.xcconfig */ = {isa = PBXFileReference; includeInIndex = 1; lastKnownFileType = text.xcconfig; name = "Pods-LXTools.debug.xcconfig"; path = "Pods/Target Support Files/Pods-LXTools/Pods-LXTools.debug.xcconfig"; sourceTree = "<group>"; };
		66B7ADD056255AD1ADCC8F29 /* Pods_LXTools.framework */ = {isa = PBXFileReference; explicitFileType = wrapper.framework; includeInIndex = 0; path = Pods_LXTools.framework; sourceTree = BUILT_PRODUCTS_DIR; };
		A2CD371FB274082989A616E5 /* Pods-LXTools.release.xcconfig */ = {isa = PBXFileReference; includeInIndex = 1; lastKnownFileType = text.xcconfig; name = "Pods-LXTools.release.xcconfig"; path = "Pods/Target Support Files/Pods-LXTools/Pods-LXTools.release.xcconfig"; sourceTree = "<group>"; };
/* End PBXFileReference section */

/* Begin PBXFrameworksBuildPhase section */
		3C065AA8221E815F00F1C9C7 /* Frameworks */ = {
			isa = PBXFrameworksBuildPhase;
			buildActionMask = 2147483647;
			files = (
				3C065AED221E8E2D00F1C9C7 /* CoreMedia.framework in Frameworks */,
				8296FC01E6BFB3F66CD5CC14 /* Pods_LXTools.framework in Frameworks */,
			);
			runOnlyForDeploymentPostprocessing = 0;
		};
		3C065ABC221E816100F1C9C7 /* Frameworks */ = {
			isa = PBXFrameworksBuildPhase;
			buildActionMask = 2147483647;
			files = (
			);
			runOnlyForDeploymentPostprocessing = 0;
		};
		3C065AC7221E816100F1C9C7 /* Frameworks */ = {
			isa = PBXFrameworksBuildPhase;
			buildActionMask = 2147483647;
			files = (
			);
			runOnlyForDeploymentPostprocessing = 0;
		};
/* End PBXFrameworksBuildPhase section */

/* Begin PBXGroup section */
		3242FD386A09BCFFB5943E04 /* Frameworks */ = {
			isa = PBXGroup;
			children = (
				3C065AEC221E8E2D00F1C9C7 /* CoreMedia.framework */,
				66B7ADD056255AD1ADCC8F29 /* Pods_LXTools.framework */,
			);
			name = Frameworks;
			sourceTree = "<group>";
		};
		3C065AA2221E815E00F1C9C7 = {
			isa = PBXGroup;
			children = (
				3C065B00221F8BA800F1C9C7 /* Example */,
				3C065AAD221E815F00F1C9C7 /* LXTools */,
				3C065AAC221E815F00F1C9C7 /* Products */,
				F7D81316A4364EAF92AAA180 /* Pods */,
				3242FD386A09BCFFB5943E04 /* Frameworks */,
			);
			sourceTree = "<group>";
		};
		3C065AAC221E815F00F1C9C7 /* Products */ = {
			isa = PBXGroup;
			children = (
				3C065AAB221E815F00F1C9C7 /* LXTools.app */,
				3C065ABF221E816100F1C9C7 /* LXToolsTests.xctest */,
				3C065ACA221E816100F1C9C7 /* LXToolsUITests.xctest */,
			);
			name = Products;
			sourceTree = "<group>";
		};
		3C065AAD221E815F00F1C9C7 /* LXTools */ = {
			isa = PBXGroup;
			children = (
				3C065AF7221E9FDB00F1C9C7 /* delegate */,
				3C065AEE221E91F300F1C9C7 /* basic */,
				3C065AE9221E8DFB00F1C9C7 /* Log */,
				3C065ADE221E8D8C00F1C9C7 /* Extension */,
			);
			path = LXTools;
			sourceTree = "<group>";
		};
		3C065ADE221E8D8C00F1C9C7 /* Extension */ = {
			isa = PBXGroup;
			children = (
				3C065ADF221E8D8C00F1C9C7 /* UIViewEx.swift */,
				3C065AE0221E8D8C00F1C9C7 /* DateEx.swift */,
				3C065AE1221E8D8C00F1C9C7 /* UIImageEx.swift */,
				3C065AE3221E8D8C00F1C9C7 /* AllExtension.swift */,
			);
			path = Extension;
			sourceTree = "<group>";
		};
		3C065AE9221E8DFB00F1C9C7 /* Log */ = {
			isa = PBXGroup;
			children = (
				3C065AEA221E8E1700F1C9C7 /* KRTLog.swift */,
			);
			path = Log;
			sourceTree = "<group>";
		};
		3C065AEE221E91F300F1C9C7 /* basic */ = {
			isa = PBXGroup;
			children = (
				3C065AF3221E9AE800F1C9C7 /* BaseFunc.swift */,
				3C065AF5221E9F5500F1C9C7 /* DefaultCheck.swift */,
			);
			path = basic;
			sourceTree = "<group>";
		};
		3C065AF7221E9FDB00F1C9C7 /* delegate */ = {
			isa = PBXGroup;
			children = (
				3C065AFB221E9FF100F1C9C7 /* KrtTFDelegate.swift */,
				3C065AF8221E9FF000F1C9C7 /* MJRefreshController.swift */,
				3C065AFA221E9FF000F1C9C7 /* SetErrorView.swift */,
				3C065AF9221E9FF000F1C9C7 /* SetNoDataView.swift */,
			);
			path = delegate;
			sourceTree = "<group>";
		};
		3C065B00221F8BA800F1C9C7 /* Example */ = {
			isa = PBXGroup;
			children = (
				3C065AAE221E815F00F1C9C7 /* AppDelegate.swift */,
				3C065AB0221E815F00F1C9C7 /* ViewController.swift */,
				3C065AB2221E815F00F1C9C7 /* Main.storyboard */,
				3C065AB5221E816100F1C9C7 /* Assets.xcassets */,
				3C065AB7221E816100F1C9C7 /* LaunchScreen.storyboard */,
				3C065ABA221E816100F1C9C7 /* Info.plist */,
				3C065ADC221E84B000F1C9C7 /* Header.h */,
			);
			path = Example;
			sourceTree = "<group>";
		};
		F7D81316A4364EAF92AAA180 /* Pods */ = {
			isa = PBXGroup;
			children = (
				4DE3B0F754BCF6C134DBAF0C /* Pods-LXTools.debug.xcconfig */,
				A2CD371FB274082989A616E5 /* Pods-LXTools.release.xcconfig */,
			);
			name = Pods;
			sourceTree = "<group>";
		};
/* End PBXGroup section */

/* Begin PBXNativeTarget section */
		3C065AAA221E815F00F1C9C7 /* LXTools */ = {
			isa = PBXNativeTarget;
			buildConfigurationList = 3C065AD3221E816100F1C9C7 /* Build configuration list for PBXNativeTarget "LXTools" */;
			buildPhases = (
				EDDF31085423B2CA6BCC98CC /* [CP] Check Pods Manifest.lock */,
				3C065AA7221E815F00F1C9C7 /* Sources */,
				3C065AA8221E815F00F1C9C7 /* Frameworks */,
				3C065AA9221E815F00F1C9C7 /* Resources */,
				293AABFC123E2FF7AEBBE195 /* [CP] Embed Pods Frameworks */,
			);
			buildRules = (
			);
			dependencies = (
			);
			name = LXTools;
			productName = LXTools;
			productReference = 3C065AAB221E815F00F1C9C7 /* LXTools.app */;
			productType = "com.apple.product-type.application";
		};
		3C065ABE221E816100F1C9C7 /* LXToolsTests */ = {
			isa = PBXNativeTarget;
			buildConfigurationList = 3C065AD6221E816100F1C9C7 /* Build configuration list for PBXNativeTarget "LXToolsTests" */;
			buildPhases = (
				3C065ABB221E816100F1C9C7 /* Sources */,
				3C065ABC221E816100F1C9C7 /* Frameworks */,
				3C065ABD221E816100F1C9C7 /* Resources */,
			);
			buildRules = (
			);
			dependencies = (
				3C065AC1221E816100F1C9C7 /* PBXTargetDependency */,
			);
			name = LXToolsTests;
			productName = LXToolsTests;
			productReference = 3C065ABF221E816100F1C9C7 /* LXToolsTests.xctest */;
			productType = "com.apple.product-type.bundle.unit-test";
		};
		3C065AC9221E816100F1C9C7 /* LXToolsUITests */ = {
			isa = PBXNativeTarget;
			buildConfigurationList = 3C065AD9221E816100F1C9C7 /* Build configuration list for PBXNativeTarget "LXToolsUITests" */;
			buildPhases = (
				3C065AC6221E816100F1C9C7 /* Sources */,
				3C065AC7221E816100F1C9C7 /* Frameworks */,
				3C065AC8221E816100F1C9C7 /* Resources */,
			);
			buildRules = (
			);
			dependencies = (
				3C065ACC221E816100F1C9C7 /* PBXTargetDependency */,
			);
			name = LXToolsUITests;
			productName = LXToolsUITests;
			productReference = 3C065ACA221E816100F1C9C7 /* LXToolsUITests.xctest */;
			productType = "com.apple.product-type.bundle.ui-testing";
		};
/* End PBXNativeTarget section */

/* Begin PBXProject section */
		3C065AA3221E815E00F1C9C7 /* Project object */ = {
			isa = PBXProject;
			attributes = {
				LastSwiftUpdateCheck = 1010;
				LastUpgradeCheck = 1010;
				ORGANIZATIONNAME = "廖轩";
				TargetAttributes = {
					3C065AAA221E815F00F1C9C7 = {
						CreatedOnToolsVersion = 10.1;
					};
					3C065ABE221E816100F1C9C7 = {
						CreatedOnToolsVersion = 10.1;
						TestTargetID = 3C065AAA221E815F00F1C9C7;
					};
					3C065AC9221E816100F1C9C7 = {
						CreatedOnToolsVersion = 10.1;
						TestTargetID = 3C065AAA221E815F00F1C9C7;
					};
				};
			};
			buildConfigurationList = 3C065AA6221E815E00F1C9C7 /* Build configuration list for PBXProject "LXTools" */;
			compatibilityVersion = "Xcode 9.3";
			developmentRegion = en;
			hasScannedForEncodings = 0;
			knownRegions = (
				en,
				Base,
			);
			mainGroup = 3C065AA2221E815E00F1C9C7;
			productRefGroup = 3C065AAC221E815F00F1C9C7 /* Products */;
			projectDirPath = "";
			projectRoot = "";
			targets = (
				3C065AAA221E815F00F1C9C7 /* LXTools */,
				3C065ABE221E816100F1C9C7 /* LXToolsTests */,
				3C065AC9221E816100F1C9C7 /* LXToolsUITests */,
			);
		};
/* End PBXProject section */

/* Begin PBXResourcesBuildPhase section */
		3C065AA9221E815F00F1C9C7 /* Resources */ = {
			isa = PBXResourcesBuildPhase;
			buildActionMask = 2147483647;
			files = (
				3C065AB9221E816100F1C9C7 /* LaunchScreen.storyboard in Resources */,
				3C065AB6221E816100F1C9C7 /* Assets.xcassets in Resources */,
				3C065AB4221E815F00F1C9C7 /* Main.storyboard in Resources */,
			);
			runOnlyForDeploymentPostprocessing = 0;
		};
		3C065ABD221E816100F1C9C7 /* Resources */ = {
			isa = PBXResourcesBuildPhase;
			buildActionMask = 2147483647;
			files = (
			);
			runOnlyForDeploymentPostprocessing = 0;
		};
		3C065AC8221E816100F1C9C7 /* Resources */ = {
			isa = PBXResourcesBuildPhase;
			buildActionMask = 2147483647;
			files = (
			);
			runOnlyForDeploymentPostprocessing = 0;
		};
/* End PBXResourcesBuildPhase section */

/* Begin PBXShellScriptBuildPhase section */
		293AABFC123E2FF7AEBBE195 /* [CP] Embed Pods Frameworks */ = {
			isa = PBXShellScriptBuildPhase;
			buildActionMask = 2147483647;
			files = (
			);
			inputFileListPaths = (
			);
			inputPaths = (
				"${SRCROOT}/Pods/Target Support Files/Pods-LXTools/Pods-LXTools-frameworks.sh",
				"${BUILT_PRODUCTS_DIR}/Alamofire/Alamofire.framework",
				"${BUILT_PRODUCTS_DIR}/HandyJSON/HandyJSON.framework",
				"${BUILT_PRODUCTS_DIR}/IQKeyboardManagerSwift/IQKeyboardManagerSwift.framework",
				"${BUILT_PRODUCTS_DIR}/MJRefresh/MJRefresh.framework",
				"${BUILT_PRODUCTS_DIR}/Moya/Moya.framework",
				"${BUILT_PRODUCTS_DIR}/Result/Result.framework",
				"${BUILT_PRODUCTS_DIR}/RxAtomic/RxAtomic.framework",
				"${BUILT_PRODUCTS_DIR}/RxCocoa/RxCocoa.framework",
				"${BUILT_PRODUCTS_DIR}/RxSwift/RxSwift.framework",
				"${BUILT_PRODUCTS_DIR}/SKPhotoBrowser/SKPhotoBrowser.framework",
				"${BUILT_PRODUCTS_DIR}/SnapKit/SnapKit.framework",
				"${BUILT_PRODUCTS_DIR}/YYCache/YYCache.framework",
				"${BUILT_PRODUCTS_DIR}/YYImage/YYImage.framework",
				"${BUILT_PRODUCTS_DIR}/YYWebImage/YYWebImage.framework",
			);
			name = "[CP] Embed Pods Frameworks";
			outputFileListPaths = (
			);
			outputPaths = (
				"${TARGET_BUILD_DIR}/${FRAMEWORKS_FOLDER_PATH}/Alamofire.framework",
				"${TARGET_BUILD_DIR}/${FRAMEWORKS_FOLDER_PATH}/HandyJSON.framework",
				"${TARGET_BUILD_DIR}/${FRAMEWORKS_FOLDER_PATH}/IQKeyboardManagerSwift.framework",
				"${TARGET_BUILD_DIR}/${FRAMEWORKS_FOLDER_PATH}/MJRefresh.framework",
				"${TARGET_BUILD_DIR}/${FRAMEWORKS_FOLDER_PATH}/Moya.framework",
				"${TARGET_BUILD_DIR}/${FRAMEWORKS_FOLDER_PATH}/Result.framework",
				"${TARGET_BUILD_DIR}/${FRAMEWORKS_FOLDER_PATH}/RxAtomic.framework",
				"${TARGET_BUILD_DIR}/${FRAMEWORKS_FOLDER_PATH}/RxCocoa.framework",
				"${TARGET_BUILD_DIR}/${FRAMEWORKS_FOLDER_PATH}/RxSwift.framework",
				"${TARGET_BUILD_DIR}/${FRAMEWORKS_FOLDER_PATH}/SKPhotoBrowser.framework",
				"${TARGET_BUILD_DIR}/${FRAMEWORKS_FOLDER_PATH}/SnapKit.framework",
				"${TARGET_BUILD_DIR}/${FRAMEWORKS_FOLDER_PATH}/YYCache.framework",
				"${TARGET_BUILD_DIR}/${FRAMEWORKS_FOLDER_PATH}/YYImage.framework",
				"${TARGET_BUILD_DIR}/${FRAMEWORKS_FOLDER_PATH}/YYWebImage.framework",
			);
			runOnlyForDeploymentPostprocessing = 0;
			shellPath = /bin/sh;
			shellScript = "\"${SRCROOT}/Pods/Target Support Files/Pods-LXTools/Pods-LXTools-frameworks.sh\"\n";
			showEnvVarsInLog = 0;
		};
		EDDF31085423B2CA6BCC98CC /* [CP] Check Pods Manifest.lock */ = {
			isa = PBXShellScriptBuildPhase;
			buildActionMask = 2147483647;
			files = (
			);
			inputFileListPaths = (
			);
			inputPaths = (
				"${PODS_PODFILE_DIR_PATH}/Podfile.lock",
				"${PODS_ROOT}/Manifest.lock",
			);
			name = "[CP] Check Pods Manifest.lock";
			outputFileListPaths = (
			);
			outputPaths = (
				"$(DERIVED_FILE_DIR)/Pods-LXTools-checkManifestLockResult.txt",
			);
			runOnlyForDeploymentPostprocessing = 0;
			shellPath = /bin/sh;
			shellScript = "diff \"${PODS_PODFILE_DIR_PATH}/Podfile.lock\" \"${PODS_ROOT}/Manifest.lock\" > /dev/null\nif [ $? != 0 ] ; then\n    # print error to STDERR\n    echo \"error: The sandbox is not in sync with the Podfile.lock. Run 'pod install' or update your CocoaPods installation.\" >&2\n    exit 1\nfi\n# This output is used by Xcode 'outputs' to avoid re-running this script phase.\necho \"SUCCESS\" > \"${SCRIPT_OUTPUT_FILE_0}\"\n";
			showEnvVarsInLog = 0;
		};
/* End PBXShellScriptBuildPhase section */

/* Begin PBXSourcesBuildPhase section */
		3C065AA7221E815F00F1C9C7 /* Sources */ = {
			isa = PBXSourcesBuildPhase;
			buildActionMask = 2147483647;
			files = (
				3C065AFC221E9FF100F1C9C7 /* MJRefreshController.swift in Sources */,
				3C065AF6221E9F5500F1C9C7 /* DefaultCheck.swift in Sources */,
				3C065AF4221E9AE800F1C9C7 /* BaseFunc.swift in Sources */,
				3C065AB1221E815F00F1C9C7 /* ViewController.swift in Sources */,
				3C065AE8221E8D8C00F1C9C7 /* AllExtension.swift in Sources */,
				3C065AAF221E815F00F1C9C7 /* AppDelegate.swift in Sources */,
				3C065AFE221E9FF100F1C9C7 /* SetErrorView.swift in Sources */,
				3C065AE6221E8D8C00F1C9C7 /* UIImageEx.swift in Sources */,
				3C065AFF221E9FF100F1C9C7 /* KrtTFDelegate.swift in Sources */,
				3C065AEB221E8E1700F1C9C7 /* KRTLog.swift in Sources */,
				3C065AE5221E8D8C00F1C9C7 /* DateEx.swift in Sources */,
				3C065AFD221E9FF100F1C9C7 /* SetNoDataView.swift in Sources */,
				3C065AE4221E8D8C00F1C9C7 /* UIViewEx.swift in Sources */,
			);
			runOnlyForDeploymentPostprocessing = 0;
		};
		3C065ABB221E816100F1C9C7 /* Sources */ = {
			isa = PBXSourcesBuildPhase;
			buildActionMask = 2147483647;
			files = (
			);
			runOnlyForDeploymentPostprocessing = 0;
		};
		3C065AC6221E816100F1C9C7 /* Sources */ = {
			isa = PBXSourcesBuildPhase;
			buildActionMask = 2147483647;
			files = (
			);
			runOnlyForDeploymentPostprocessing = 0;
		};
/* End PBXSourcesBuildPhase section */

/* Begin PBXTargetDependency section */
		3C065AC1221E816100F1C9C7 /* PBXTargetDependency */ = {
			isa = PBXTargetDependency;
			target = 3C065AAA221E815F00F1C9C7 /* LXTools */;
			targetProxy = 3C065AC0221E816100F1C9C7 /* PBXContainerItemProxy */;
		};
		3C065ACC221E816100F1C9C7 /* PBXTargetDependency */ = {
			isa = PBXTargetDependency;
			target = 3C065AAA221E815F00F1C9C7 /* LXTools */;
			targetProxy = 3C065ACB221E816100F1C9C7 /* PBXContainerItemProxy */;
		};
/* End PBXTargetDependency section */

/* Begin PBXVariantGroup section */
		3C065AB2221E815F00F1C9C7 /* Main.storyboard */ = {
			isa = PBXVariantGroup;
			children = (
				3C065AB3221E815F00F1C9C7 /* Base */,
			);
			name = Main.storyboard;
			sourceTree = "<group>";
		};
		3C065AB7221E816100F1C9C7 /* LaunchScreen.storyboard */ = {
			isa = PBXVariantGroup;
			children = (
				3C065AB8221E816100F1C9C7 /* Base */,
			);
			name = LaunchScreen.storyboard;
			sourceTree = "<group>";
		};
/* End PBXVariantGroup section */

/* Begin XCBuildConfiguration section */
		3C065AD1221E816100F1C9C7 /* Debug */ = {
			isa = XCBuildConfiguration;
			buildSettings = {
				ALWAYS_SEARCH_USER_PATHS = NO;
				CLANG_ANALYZER_NONNULL = YES;
				CLANG_ANALYZER_NUMBER_OBJECT_CONVERSION = YES_AGGRESSIVE;
				CLANG_CXX_LANGUAGE_STANDARD = "gnu++14";
				CLANG_CXX_LIBRARY = "libc++";
				CLANG_ENABLE_MODULES = YES;
				CLANG_ENABLE_OBJC_ARC = YES;
				CLANG_ENABLE_OBJC_WEAK = YES;
				CLANG_WARN_BLOCK_CAPTURE_AUTORELEASING = YES;
				CLANG_WARN_BOOL_CONVERSION = YES;
				CLANG_WARN_COMMA = YES;
				CLANG_WARN_CONSTANT_CONVERSION = YES;
				CLANG_WARN_DEPRECATED_OBJC_IMPLEMENTATIONS = YES;
				CLANG_WARN_DIRECT_OBJC_ISA_USAGE = YES_ERROR;
				CLANG_WARN_DOCUMENTATION_COMMENTS = YES;
				CLANG_WARN_EMPTY_BODY = YES;
				CLANG_WARN_ENUM_CONVERSION = YES;
				CLANG_WARN_INFINITE_RECURSION = YES;
				CLANG_WARN_INT_CONVERSION = YES;
				CLANG_WARN_NON_LITERAL_NULL_CONVERSION = YES;
				CLANG_WARN_OBJC_IMPLICIT_RETAIN_SELF = YES;
				CLANG_WARN_OBJC_LITERAL_CONVERSION = YES;
				CLANG_WARN_OBJC_ROOT_CLASS = YES_ERROR;
				CLANG_WARN_RANGE_LOOP_ANALYSIS = YES;
				CLANG_WARN_STRICT_PROTOTYPES = YES;
				CLANG_WARN_SUSPICIOUS_MOVE = YES;
				CLANG_WARN_UNGUARDED_AVAILABILITY = YES_AGGRESSIVE;
				CLANG_WARN_UNREACHABLE_CODE = YES;
				CLANG_WARN__DUPLICATE_METHOD_MATCH = YES;
				CODE_SIGN_IDENTITY = "iPhone Developer";
				COPY_PHASE_STRIP = NO;
				DEBUG_INFORMATION_FORMAT = dwarf;
				ENABLE_STRICT_OBJC_MSGSEND = YES;
				ENABLE_TESTABILITY = YES;
				GCC_C_LANGUAGE_STANDARD = gnu11;
				GCC_DYNAMIC_NO_PIC = NO;
				GCC_NO_COMMON_BLOCKS = YES;
				GCC_OPTIMIZATION_LEVEL = 0;
				GCC_PREPROCESSOR_DEFINITIONS = (
					"DEBUG=1",
					"$(inherited)",
				);
				GCC_WARN_64_TO_32_BIT_CONVERSION = YES;
				GCC_WARN_ABOUT_RETURN_TYPE = YES_ERROR;
				GCC_WARN_UNDECLARED_SELECTOR = YES;
				GCC_WARN_UNINITIALIZED_AUTOS = YES_AGGRESSIVE;
				GCC_WARN_UNUSED_FUNCTION = YES;
				GCC_WARN_UNUSED_VARIABLE = YES;
				IPHONEOS_DEPLOYMENT_TARGET = 12.1;
				MTL_ENABLE_DEBUG_INFO = INCLUDE_SOURCE;
				MTL_FAST_MATH = YES;
				ONLY_ACTIVE_ARCH = YES;
				SDKROOT = iphoneos;
				SWIFT_ACTIVE_COMPILATION_CONDITIONS = DEBUG;
				SWIFT_OPTIMIZATION_LEVEL = "-Onone";
			};
			name = Debug;
		};
		3C065AD2221E816100F1C9C7 /* Release */ = {
			isa = XCBuildConfiguration;
			buildSettings = {
				ALWAYS_SEARCH_USER_PATHS = NO;
				CLANG_ANALYZER_NONNULL = YES;
				CLANG_ANALYZER_NUMBER_OBJECT_CONVERSION = YES_AGGRESSIVE;
				CLANG_CXX_LANGUAGE_STANDARD = "gnu++14";
				CLANG_CXX_LIBRARY = "libc++";
				CLANG_ENABLE_MODULES = YES;
				CLANG_ENABLE_OBJC_ARC = YES;
				CLANG_ENABLE_OBJC_WEAK = YES;
				CLANG_WARN_BLOCK_CAPTURE_AUTORELEASING = YES;
				CLANG_WARN_BOOL_CONVERSION = YES;
				CLANG_WARN_COMMA = YES;
				CLANG_WARN_CONSTANT_CONVERSION = YES;
				CLANG_WARN_DEPRECATED_OBJC_IMPLEMENTATIONS = YES;
				CLANG_WARN_DIRECT_OBJC_ISA_USAGE = YES_ERROR;
				CLANG_WARN_DOCUMENTATION_COMMENTS = YES;
				CLANG_WARN_EMPTY_BODY = YES;
				CLANG_WARN_ENUM_CONVERSION = YES;
				CLANG_WARN_INFINITE_RECURSION = YES;
				CLANG_WARN_INT_CONVERSION = YES;
				CLANG_WARN_NON_LITERAL_NULL_CONVERSION = YES;
				CLANG_WARN_OBJC_IMPLICIT_RETAIN_SELF = YES;
				CLANG_WARN_OBJC_LITERAL_CONVERSION = YES;
				CLANG_WARN_OBJC_ROOT_CLASS = YES_ERROR;
				CLANG_WARN_RANGE_LOOP_ANALYSIS = YES;
				CLANG_WARN_STRICT_PROTOTYPES = YES;
				CLANG_WARN_SUSPICIOUS_MOVE = YES;
				CLANG_WARN_UNGUARDED_AVAILABILITY = YES_AGGRESSIVE;
				CLANG_WARN_UNREACHABLE_CODE = YES;
				CLANG_WARN__DUPLICATE_METHOD_MATCH = YES;
				CODE_SIGN_IDENTITY = "iPhone Developer";
				COPY_PHASE_STRIP = NO;
				DEBUG_INFORMATION_FORMAT = "dwarf-with-dsym";
				ENABLE_NS_ASSERTIONS = NO;
				ENABLE_STRICT_OBJC_MSGSEND = YES;
				GCC_C_LANGUAGE_STANDARD = gnu11;
				GCC_NO_COMMON_BLOCKS = YES;
				GCC_WARN_64_TO_32_BIT_CONVERSION = YES;
				GCC_WARN_ABOUT_RETURN_TYPE = YES_ERROR;
				GCC_WARN_UNDECLARED_SELECTOR = YES;
				GCC_WARN_UNINITIALIZED_AUTOS = YES_AGGRESSIVE;
				GCC_WARN_UNUSED_FUNCTION = YES;
				GCC_WARN_UNUSED_VARIABLE = YES;
				IPHONEOS_DEPLOYMENT_TARGET = 12.1;
				MTL_ENABLE_DEBUG_INFO = NO;
				MTL_FAST_MATH = YES;
				SDKROOT = iphoneos;
				SWIFT_COMPILATION_MODE = wholemodule;
				SWIFT_OPTIMIZATION_LEVEL = "-O";
				VALIDATE_PRODUCT = YES;
			};
			name = Release;
		};
		3C065AD4221E816100F1C9C7 /* Debug */ = {
			isa = XCBuildConfiguration;
			baseConfigurationReference = 4DE3B0F754BCF6C134DBAF0C /* Pods-LXTools.debug.xcconfig */;
			buildSettings = {
				ASSETCATALOG_COMPILER_APPICON_NAME = AppIcon;
				CODE_SIGN_STYLE = Automatic;
				DEVELOPMENT_TEAM = GJ3B6RNJ2C;
				INFOPLIST_FILE = Example/Info.plist;
				LD_RUNPATH_SEARCH_PATHS = (
					"$(inherited)",
					"@executable_path/Frameworks",
				);
				PRODUCT_BUNDLE_IDENTIFIER = com.lx.LXTools;
				PRODUCT_NAME = "$(TARGET_NAME)";
				SWIFT_OBJC_BRIDGING_HEADER = Example/Header.h;
				SWIFT_VERSION = 4.0;
				TARGETED_DEVICE_FAMILY = "1,2";
			};
			name = Debug;
		};
		3C065AD5221E816100F1C9C7 /* Release */ = {
			isa = XCBuildConfiguration;
			baseConfigurationReference = A2CD371FB274082989A616E5 /* Pods-LXTools.release.xcconfig */;
			buildSettings = {
				ASSETCATALOG_COMPILER_APPICON_NAME = AppIcon;
				CODE_SIGN_STYLE = Automatic;
				DEVELOPMENT_TEAM = GJ3B6RNJ2C;
				INFOPLIST_FILE = Example/Info.plist;
				LD_RUNPATH_SEARCH_PATHS = (
					"$(inherited)",
					"@executable_path/Frameworks",
				);
				PRODUCT_BUNDLE_IDENTIFIER = com.lx.LXTools;
				PRODUCT_NAME = "$(TARGET_NAME)";
				SWIFT_OBJC_BRIDGING_HEADER = Example/Header.h;
				SWIFT_VERSION = 4.0;
				TARGETED_DEVICE_FAMILY = "1,2";
			};
			name = Release;
		};
		3C065AD7221E816100F1C9C7 /* Debug */ = {
			isa = XCBuildConfiguration;
			buildSettings = {
				ALWAYS_EMBED_SWIFT_STANDARD_LIBRARIES = YES;
				BUNDLE_LOADER = "$(TEST_HOST)";
				CODE_SIGN_STYLE = Automatic;
				DEVELOPMENT_TEAM = GJ3B6RNJ2C;
				INFOPLIST_FILE = LXToolsTests/Info.plist;
				LD_RUNPATH_SEARCH_PATHS = (
					"$(inherited)",
					"@executable_path/Frameworks",
					"@loader_path/Frameworks",
				);
				PRODUCT_BUNDLE_IDENTIFIER = com.lx.LXToolsTests;
				PRODUCT_NAME = "$(TARGET_NAME)";
				SWIFT_VERSION = 4.2;
				TARGETED_DEVICE_FAMILY = "1,2";
				TEST_HOST = "$(BUILT_PRODUCTS_DIR)/LXTools.app/LXTools";
			};
			name = Debug;
		};
		3C065AD8221E816100F1C9C7 /* Release */ = {
			isa = XCBuildConfiguration;
			buildSettings = {
				ALWAYS_EMBED_SWIFT_STANDARD_LIBRARIES = YES;
				BUNDLE_LOADER = "$(TEST_HOST)";
				CODE_SIGN_STYLE = Automatic;
				DEVELOPMENT_TEAM = GJ3B6RNJ2C;
				INFOPLIST_FILE = LXToolsTests/Info.plist;
				LD_RUNPATH_SEARCH_PATHS = (
					"$(inherited)",
					"@executable_path/Frameworks",
					"@loader_path/Frameworks",
				);
				PRODUCT_BUNDLE_IDENTIFIER = com.lx.LXToolsTests;
				PRODUCT_NAME = "$(TARGET_NAME)";
				SWIFT_VERSION = 4.2;
				TARGETED_DEVICE_FAMILY = "1,2";
				TEST_HOST = "$(BUILT_PRODUCTS_DIR)/LXTools.app/LXTools";
			};
			name = Release;
		};
		3C065ADA221E816100F1C9C7 /* Debug */ = {
			isa = XCBuildConfiguration;
			buildSettings = {
				ALWAYS_EMBED_SWIFT_STANDARD_LIBRARIES = YES;
				CODE_SIGN_STYLE = Automatic;
				DEVELOPMENT_TEAM = GJ3B6RNJ2C;
				INFOPLIST_FILE = LXToolsUITests/Info.plist;
				LD_RUNPATH_SEARCH_PATHS = (
					"$(inherited)",
					"@executable_path/Frameworks",
					"@loader_path/Frameworks",
				);
				PRODUCT_BUNDLE_IDENTIFIER = com.lx.LXToolsUITests;
				PRODUCT_NAME = "$(TARGET_NAME)";
				SWIFT_VERSION = 4.2;
				TARGETED_DEVICE_FAMILY = "1,2";
				TEST_TARGET_NAME = LXTools;
			};
			name = Debug;
		};
		3C065ADB221E816100F1C9C7 /* Release */ = {
			isa = XCBuildConfiguration;
			buildSettings = {
				ALWAYS_EMBED_SWIFT_STANDARD_LIBRARIES = YES;
				CODE_SIGN_STYLE = Automatic;
				DEVELOPMENT_TEAM = GJ3B6RNJ2C;
				INFOPLIST_FILE = LXToolsUITests/Info.plist;
				LD_RUNPATH_SEARCH_PATHS = (
					"$(inherited)",
					"@executable_path/Frameworks",
					"@loader_path/Frameworks",
				);
				PRODUCT_BUNDLE_IDENTIFIER = com.lx.LXToolsUITests;
				PRODUCT_NAME = "$(TARGET_NAME)";
				SWIFT_VERSION = 4.2;
				TARGETED_DEVICE_FAMILY = "1,2";
				TEST_TARGET_NAME = LXTools;
			};
			name = Release;
		};
/* End XCBuildConfiguration section */

/* Begin XCConfigurationList section */
		3C065AA6221E815E00F1C9C7 /* Build configuration list for PBXProject "LXTools" */ = {
			isa = XCConfigurationList;
			buildConfigurations = (
				3C065AD1221E816100F1C9C7 /* Debug */,
				3C065AD2221E816100F1C9C7 /* Release */,
			);
			defaultConfigurationIsVisible = 0;
			defaultConfigurationName = Release;
		};
		3C065AD3221E816100F1C9C7 /* Build configuration list for PBXNativeTarget "LXTools" */ = {
			isa = XCConfigurationList;
			buildConfigurations = (
				3C065AD4221E816100F1C9C7 /* Debug */,
				3C065AD5221E816100F1C9C7 /* Release */,
			);
			defaultConfigurationIsVisible = 0;
			defaultConfigurationName = Release;
		};
		3C065AD6221E816100F1C9C7 /* Build configuration list for PBXNativeTarget "LXToolsTests" */ = {
			isa = XCConfigurationList;
			buildConfigurations = (
				3C065AD7221E816100F1C9C7 /* Debug */,
				3C065AD8221E816100F1C9C7 /* Release */,
			);
			defaultConfigurationIsVisible = 0;
			defaultConfigurationName = Release;
		};
		3C065AD9221E816100F1C9C7 /* Build configuration list for PBXNativeTarget "LXToolsUITests" */ = {
			isa = XCConfigurationList;
			buildConfigurations = (
				3C065ADA221E816100F1C9C7 /* Debug */,
				3C065ADB221E816100F1C9C7 /* Release */,
			);
			defaultConfigurationIsVisible = 0;
			defaultConfigurationName = Release;
		};
/* End XCConfigurationList section */
	};
	rootObject = 3C065AA3221E815E00F1C9C7 /* Project object */;
}
